// !$*UTF8*$!
{
	archiveVersion = 1;
	classes = {
	};
	objectVersion = 48;
	objects = {

/* Begin PBXBuildFile section */
		1667880BF1DB7577D42D0757 /* Pods_TextStorage.framework in Frameworks */ = {isa = PBXBuildFile; fileRef = 394F29F7EAC07A9DC1341D0B /* Pods_TextStorage.framework */; };
		A197E276202A6BA4004B5BEC /* AppDelegate.swift in Sources */ = {isa = PBXBuildFile; fileRef = A197E275202A6BA4004B5BEC /* AppDelegate.swift */; };
		A197E278202A6BA4004B5BEC /* ViewController.swift in Sources */ = {isa = PBXBuildFile; fileRef = A197E277202A6BA4004B5BEC /* ViewController.swift */; };
		A197E27B202A6BA5004B5BEC /* Main.storyboard in Resources */ = {isa = PBXBuildFile; fileRef = A197E279202A6BA5004B5BEC /* Main.storyboard */; };
		A197E27D202A6BA5004B5BEC /* Assets.xcassets in Resources */ = {isa = PBXBuildFile; fileRef = A197E27C202A6BA5004B5BEC /* Assets.xcassets */; };
		A197E280202A6BA5004B5BEC /* LaunchScreen.storyboard in Resources */ = {isa = PBXBuildFile; fileRef = A197E27E202A6BA5004B5BEC /* LaunchScreen.storyboard */; };
		BB379A29202B4FDA00A3752D /* GoogleService-Info.plist in Resources */ = {isa = PBXBuildFile; fileRef = BB379A28202B4FDA00A3752D /* GoogleService-Info.plist */; };
/* End PBXBuildFile section */

/* Begin PBXFileReference section */
		394F29F7EAC07A9DC1341D0B /* Pods_TextStorage.framework */ = {isa = PBXFileReference; explicitFileType = wrapper.framework; includeInIndex = 0; path = Pods_TextStorage.framework; sourceTree = BUILT_PRODUCTS_DIR; };
		8C67FBD4E98810E0A3C3B40F /* Pods-TextStorage.debug.xcconfig */ = {isa = PBXFileReference; includeInIndex = 1; lastKnownFileType = text.xcconfig; name = "Pods-TextStorage.debug.xcconfig"; path = "Pods/Target Support Files/Pods-TextStorage/Pods-TextStorage.debug.xcconfig"; sourceTree = "<group>"; };
		A197E272202A6BA4004B5BEC /* TextStorage.app */ = {isa = PBXFileReference; explicitFileType = wrapper.application; includeInIndex = 0; path = TextStorage.app; sourceTree = BUILT_PRODUCTS_DIR; };
		A197E275202A6BA4004B5BEC /* AppDelegate.swift */ = {isa = PBXFileReference; lastKnownFileType = sourcecode.swift; path = AppDelegate.swift; sourceTree = "<group>"; };
		A197E277202A6BA4004B5BEC /* ViewController.swift */ = {isa = PBXFileReference; lastKnownFileType = sourcecode.swift; path = ViewController.swift; sourceTree = "<group>"; };
		A197E27A202A6BA5004B5BEC /* Base */ = {isa = PBXFileReference; lastKnownFileType = file.storyboard; name = Base; path = Base.lproj/Main.storyboard; sourceTree = "<group>"; };
		A197E27C202A6BA5004B5BEC /* Assets.xcassets */ = {isa = PBXFileReference; lastKnownFileType = folder.assetcatalog; path = Assets.xcassets; sourceTree = "<group>"; };
		A197E27F202A6BA5004B5BEC /* Base */ = {isa = PBXFileReference; lastKnownFileType = file.storyboard; name = Base; path = Base.lproj/LaunchScreen.storyboard; sourceTree = "<group>"; };
		A197E281202A6BA5004B5BEC /* Info.plist */ = {isa = PBXFileReference; lastKnownFileType = text.plist.xml; path = Info.plist; sourceTree = "<group>"; };
		BB379A28202B4FDA00A3752D /* GoogleService-Info.plist */ = {isa = PBXFileReference; fileEncoding = 4; lastKnownFileType = text.plist.xml; path = "GoogleService-Info.plist"; sourceTree = SOURCE_ROOT; };
		E2B18A87E04BE67F87CBE32E /* Pods-TextStorage.release.xcconfig */ = {isa = PBXFileReference; includeInIndex = 1; lastKnownFileType = text.xcconfig; name = "Pods-TextStorage.release.xcconfig"; path = "Pods/Target Support Files/Pods-TextStorage/Pods-TextStorage.release.xcconfig"; sourceTree = "<group>"; };
/* End PBXFileReference section */

/* Begin PBXFrameworksBuildPhase section */
		A197E26F202A6BA4004B5BEC /* Frameworks */ = {
			isa = PBXFrameworksBuildPhase;
			buildActionMask = 2147483647;
			files = (
				1667880BF1DB7577D42D0757 /* Pods_TextStorage.framework in Frameworks */,
			);
			runOnlyForDeploymentPostprocessing = 0;
		};
/* End PBXFrameworksBuildPhase section */

/* Begin PBXGroup section */
		54D2A14FD2AA74646CEFF2EA /* Pods */ = {
			isa = PBXGroup;
			children = (
				8C67FBD4E98810E0A3C3B40F /* Pods-TextStorage.debug.xcconfig */,
				E2B18A87E04BE67F87CBE32E /* Pods-TextStorage.release.xcconfig */,
			);
			name = Pods;
			sourceTree = "<group>";
		};
		6CBE5B6ACD4B8349CEDA340E /* Frameworks */ = {
			isa = PBXGroup;
			children = (
				394F29F7EAC07A9DC1341D0B /* Pods_TextStorage.framework */,
			);
			name = Frameworks;
			sourceTree = "<group>";
		};
		A197E269202A6BA4004B5BEC = {
			isa = PBXGroup;
			children = (
				A197E274202A6BA4004B5BEC /* TextStorage */,
				A197E273202A6BA4004B5BEC /* Products */,
				54D2A14FD2AA74646CEFF2EA /* Pods */,
				6CBE5B6ACD4B8349CEDA340E /* Frameworks */,
			);
			sourceTree = "<group>";
		};
		A197E273202A6BA4004B5BEC /* Products */ = {
			isa = PBXGroup;
			children = (
				A197E272202A6BA4004B5BEC /* TextStorage.app */,
			);
			name = Products;
			sourceTree = "<group>";
		};
		A197E274202A6BA4004B5BEC /* TextStorage */ = {
			isa = PBXGroup;
			children = (
				A197E275202A6BA4004B5BEC /* AppDelegate.swift */,
				A197E277202A6BA4004B5BEC /* ViewController.swift */,
				A197E279202A6BA5004B5BEC /* Main.storyboard */,
				A197E27C202A6BA5004B5BEC /* Assets.xcassets */,
				A197E27E202A6BA5004B5BEC /* LaunchScreen.storyboard */,
				A197E281202A6BA5004B5BEC /* Info.plist */,
				BB379A28202B4FDA00A3752D /* GoogleService-Info.plist */,
			);
			path = TextStorage;
			sourceTree = "<group>";
		};
/* End PBXGroup section */

/* Begin PBXNativeTarget section */
		A197E271202A6BA4004B5BEC /* TextStorage */ = {
			isa = PBXNativeTarget;
			buildConfigurationList = A197E284202A6BA5004B5BEC /* Build configuration list for PBXNativeTarget "TextStorage" */;
			buildPhases = (
				8E8A7F61835257EF200D56A9 /* [CP] Check Pods Manifest.lock */,
				A197E26E202A6BA4004B5BEC /* Sources */,
				A197E26F202A6BA4004B5BEC /* Frameworks */,
				A197E270202A6BA4004B5BEC /* Resources */,
				7B71BB3964B4F61440806A1C /* [CP] Embed Pods Frameworks */,
				E9FED873136D1F79210F928E /* [CP] Copy Pods Resources */,
			);
			buildRules = (
			);
			dependencies = (
			);
			name = TextStorage;
			productName = TextStorage;
			productReference = A197E272202A6BA4004B5BEC /* TextStorage.app */;
			productType = "com.apple.product-type.application";
		};
/* End PBXNativeTarget section */

/* Begin PBXProject section */
		A197E26A202A6BA4004B5BEC /* Project object */ = {
			isa = PBXProject;
			attributes = {
				LastSwiftUpdateCheck = 0920;
				LastUpgradeCheck = 0920;
				ORGANIZATIONNAME = "Jesse Wu";
				TargetAttributes = {
					A197E271202A6BA4004B5BEC = {
						CreatedOnToolsVersion = 9.2;
						ProvisioningStyle = Automatic;
					};
				};
			};
			buildConfigurationList = A197E26D202A6BA4004B5BEC /* Build configuration list for PBXProject "TextStorage" */;
			compatibilityVersion = "Xcode 8.0";
			developmentRegion = en;
			hasScannedForEncodings = 0;
			knownRegions = (
				en,
				Base,
			);
			mainGroup = A197E269202A6BA4004B5BEC;
			productRefGroup = A197E273202A6BA4004B5BEC /* Products */;
			projectDirPath = "";
			projectRoot = "";
			targets = (
				A197E271202A6BA4004B5BEC /* TextStorage */,
			);
		};
/* End PBXProject section */

/* Begin PBXResourcesBuildPhase section */
		A197E270202A6BA4004B5BEC /* Resources */ = {
			isa = PBXResourcesBuildPhase;
			buildActionMask = 2147483647;
			files = (
				A197E280202A6BA5004B5BEC /* LaunchScreen.storyboard in Resources */,
				BB379A29202B4FDA00A3752D /* GoogleService-Info.plist in Resources */,
				A197E27D202A6BA5004B5BEC /* Assets.xcassets in Resources */,
				A197E27B202A6BA5004B5BEC /* Main.storyboard in Resources */,
			);
			runOnlyForDeploymentPostprocessing = 0;
		};
/* End PBXResourcesBuildPhase section */

/* Begin PBXShellScriptBuildPhase section */
		7B71BB3964B4F61440806A1C /* [CP] Embed Pods Frameworks */ = {
			isa = PBXShellScriptBuildPhase;
			buildActionMask = 2147483647;
			files = (
			);
			inputPaths = (
				"${SRCROOT}/Pods/Target Support Files/Pods-TextStorage/Pods-TextStorage-frameworks.sh",
				"${BUILT_PRODUCTS_DIR}/GTMOAuth2/GTMOAuth2.framework",
				"${BUILT_PRODUCTS_DIR}/GTMSessionFetcher/GTMSessionFetcher.framework",
				"${BUILT_PRODUCTS_DIR}/GoogleToolboxForMac/GoogleToolboxForMac.framework",
				"${BUILT_PRODUCTS_DIR}/leveldb-library/leveldb.framework",
				"${BUILT_PRODUCTS_DIR}/nanopb/nanopb.framework",
			);
			name = "[CP] Embed Pods Frameworks";
			outputPaths = (
				"${TARGET_BUILD_DIR}/${FRAMEWORKS_FOLDER_PATH}/GTMOAuth2.framework",
				"${TARGET_BUILD_DIR}/${FRAMEWORKS_FOLDER_PATH}/GTMSessionFetcher.framework",
				"${TARGET_BUILD_DIR}/${FRAMEWORKS_FOLDER_PATH}/GoogleToolboxForMac.framework",
				"${TARGET_BUILD_DIR}/${FRAMEWORKS_FOLDER_PATH}/leveldb.framework",
				"${TARGET_BUILD_DIR}/${FRAMEWORKS_FOLDER_PATH}/nanopb.framework",
			);
			runOnlyForDeploymentPostprocessing = 0;
			shellPath = /bin/sh;
			shellScript = "\"${SRCROOT}/Pods/Target Support Files/Pods-TextStorage/Pods-TextStorage-frameworks.sh\"\n";
			showEnvVarsInLog = 0;
		};
		8E8A7F61835257EF200D56A9 /* [CP] Check Pods Manifest.lock */ = {
			isa = PBXShellScriptBuildPhase;
			buildActionMask = 2147483647;
			files = (
			);
			inputPaths = (
				"${PODS_PODFILE_DIR_PATH}/Podfile.lock",
				"${PODS_ROOT}/Manifest.lock",
			);
			name = "[CP] Check Pods Manifest.lock";
			outputPaths = (
				"$(DERIVED_FILE_DIR)/Pods-TextStorage-checkManifestLockResult.txt",
			);
			runOnlyForDeploymentPostprocessing = 0;
			shellPath = /bin/sh;
			shellScript = "diff \"${PODS_PODFILE_DIR_PATH}/Podfile.lock\" \"${PODS_ROOT}/Manifest.lock\" > /dev/null\nif [ $? != 0 ] ; then\n    # print error to STDERR\n    echo \"error: The sandbox is not in sync with the Podfile.lock. Run 'pod install' or update your CocoaPods installation.\" >&2\n    exit 1\nfi\n# This output is used by Xcode 'outputs' to avoid re-running this script phase.\necho \"SUCCESS\" > \"${SCRIPT_OUTPUT_FILE_0}\"\n";
			showEnvVarsInLog = 0;
		};
		E9FED873136D1F79210F928E /* [CP] Copy Pods Resources */ = {
			isa = PBXShellScriptBuildPhase;
			buildActionMask = 2147483647;
			files = (
			);
			inputPaths = (
				"${SRCROOT}/Pods/Target Support Files/Pods-TextStorage/Pods-TextStorage-resources.sh",
				"${PODS_ROOT}/GoogleSignIn/Resources/GoogleSignIn.bundle",
			);
			name = "[CP] Copy Pods Resources";
			outputPaths = (
				"${TARGET_BUILD_DIR}/${UNLOCALIZED_RESOURCES_FOLDER_PATH}/GoogleSignIn.bundle",
			);
			runOnlyForDeploymentPostprocessing = 0;
			shellPath = /bin/sh;
			shellScript = "\"${SRCROOT}/Pods/Target Support Files/Pods-TextStorage/Pods-TextStorage-resources.sh\"\n";
			showEnvVarsInLog = 0;
		};
/* End PBXShellScriptBuildPhase section */

/* Begin PBXSourcesBuildPhase section */
		A197E26E202A6BA4004B5BEC /* Sources */ = {
			isa = PBXSourcesBuildPhase;
			buildActionMask = 2147483647;
			files = (
				A197E278202A6BA4004B5BEC /* ViewController.swift in Sources */,
				A197E276202A6BA4004B5BEC /* AppDelegate.swift in Sources */,
			);
			runOnlyForDeploymentPostprocessing = 0;
		};
/* End PBXSourcesBuildPhase section */

/* Begin PBXVariantGroup section */
		A197E279202A6BA5004B5BEC /* Main.storyboard */ = {
			isa = PBXVariantGroup;
			children = (
				A197E27A202A6BA5004B5BEC /* Base */,
			);
			name = Main.storyboard;
			sourceTree = "<group>";
		};
		A197E27E202A6BA5004B5BEC /* LaunchScreen.storyboard */ = {
			isa = PBXVariantGroup;
			children = (
				A197E27F202A6BA5004B5BEC /* Base */,
			);
			name = LaunchScreen.storyboard;
			sourceTree = "<group>";
		};
/* End PBXVariantGroup section */

/* Begin XCBuildConfiguration section */
		A197E282202A6BA5004B5BEC /* Debug */ = {
			isa = XCBuildConfiguration;
			buildSettings = {
				ALWAYS_SEARCH_USER_PATHS = NO;
				CLANG_ANALYZER_NONNULL = YES;
				CLANG_ANALYZER_NUMBER_OBJECT_CONVERSION = YES_AGGRESSIVE;
				CLANG_CXX_LANGUAGE_STANDARD = "gnu++14";
				CLANG_CXX_LIBRARY = "libc++";
				CLANG_ENABLE_MODULES = YES;
				CLANG_ENABLE_OBJC_ARC = YES;
				CLANG_WARN_BLOCK_CAPTURE_AUTORELEASING = YES;
				CLANG_WARN_BOOL_CONVERSION = YES;
				CLANG_WARN_COMMA = YES;
				CLANG_WARN_CONSTANT_CONVERSION = YES;
				CLANG_WARN_DIRECT_OBJC_ISA_USAGE = YES_ERROR;
				CLANG_WARN_DOCUMENTATION_COMMENTS = YES;
				CLANG_WARN_EMPTY_BODY = YES;
				CLANG_WARN_ENUM_CONVERSION = YES;
				CLANG_WARN_INFINITE_RECURSION = YES;
				CLANG_WARN_INT_CONVERSION = YES;
				CLANG_WARN_NON_LITERAL_NULL_CONVERSION = YES;
				CLANG_WARN_OBJC_LITERAL_CONVERSION = YES;
				CLANG_WARN_OBJC_ROOT_CLASS = YES_ERROR;
				CLANG_WARN_RANGE_LOOP_ANALYSIS = YES;
				CLANG_WARN_STRICT_PROTOTYPES = YES;
				CLANG_WARN_SUSPICIOUS_MOVE = YES;
				CLANG_WARN_UNGUARDED_AVAILABILITY = YES_AGGRESSIVE;
				CLANG_WARN_UNREACHABLE_CODE = YES;
				CLANG_WARN__DUPLICATE_METHOD_MATCH = YES;
				CODE_SIGN_IDENTITY = "iPhone Developer";
				COPY_PHASE_STRIP = NO;
				DEBUG_INFORMATION_FORMAT = dwarf;
				ENABLE_STRICT_OBJC_MSGSEND = YES;
				ENABLE_TESTABILITY = YES;
				GCC_C_LANGUAGE_STANDARD = gnu11;
				GCC_DYNAMIC_NO_PIC = NO;
				GCC_NO_COMMON_BLOCKS = YES;
				GCC_OPTIMIZATION_LEVEL = 0;
				GCC_PREPROCESSOR_DEFINITIONS = (
					"DEBUG=1",
					"$(inherited)",
				);
				GCC_WARN_64_TO_32_BIT_CONVERSION = YES;
				GCC_WARN_ABOUT_RETURN_TYPE = YES_ERROR;
				GCC_WARN_UNDECLARED_SELECTOR = YES;
				GCC_WARN_UNINITIALIZED_AUTOS = YES_AGGRESSIVE;
				GCC_WARN_UNUSED_FUNCTION = YES;
				GCC_WARN_UNUSED_VARIABLE = YES;
				IPHONEOS_DEPLOYMENT_TARGET = 11.2;
				MTL_ENABLE_DEBUG_INFO = YES;
				ONLY_ACTIVE_ARCH = YES;
				SDKROOT = iphoneos;
				SWIFT_ACTIVE_COMPILATION_CONDITIONS = DEBUG;
				SWIFT_OPTIMIZATION_LEVEL = "-Onone";
			};
			name = Debug;
		};
		A197E283202A6BA5004B5BEC /* Release */ = {
			isa = XCBuildConfiguration;
			buildSettings = {
				ALWAYS_SEARCH_USER_PATHS = NO;
				CLANG_ANALYZER_NONNULL = YES;
				CLANG_ANALYZER_NUMBER_OBJECT_CONVERSION = YES_AGGRESSIVE;
				CLANG_CXX_LANGUAGE_STANDARD = "gnu++14";
				CLANG_CXX_LIBRARY = "libc++";
				CLANG_ENABLE_MODULES = YES;
				CLANG_ENABLE_OBJC_ARC = YES;
				CLANG_WARN_BLOCK_CAPTURE_AUTORELEASING = YES;
				CLANG_WARN_BOOL_CONVERSION = YES;
				CLANG_WARN_COMMA = YES;
				CLANG_WARN_CONSTANT_CONVERSION = YES;
				CLANG_WARN_DIRECT_OBJC_ISA_USAGE = YES_ERROR;
				CLANG_WARN_DOCUMENTATION_COMMENTS = YES;
				CLANG_WARN_EMPTY_BODY = YES;
				CLANG_WARN_ENUM_CONVERSION = YES;
				CLANG_WARN_INFINITE_RECURSION = YES;
				CLANG_WARN_INT_CONVERSION = YES;
				CLANG_WARN_NON_LITERAL_NULL_CONVERSION = YES;
				CLANG_WARN_OBJC_LITERAL_CONVERSION = YES;
				CLANG_WARN_OBJC_ROOT_CLASS = YES_ERROR;
				CLANG_WARN_RANGE_LOOP_ANALYSIS = YES;
				CLANG_WARN_STRICT_PROTOTYPES = YES;
				CLANG_WARN_SUSPICIOUS_MOVE = YES;
				CLANG_WARN_UNGUARDED_AVAILABILITY = YES_AGGRESSIVE;
				CLANG_WARN_UNREACHABLE_CODE = YES;
				CLANG_WARN__DUPLICATE_METHOD_MATCH = YES;
				CODE_SIGN_IDENTITY = "iPhone Developer";
				COPY_PHASE_STRIP = NO;
				DEBUG_INFORMATION_FORMAT = "dwarf-with-dsym";
				ENABLE_NS_ASSERTIONS = NO;
				ENABLE_STRICT_OBJC_MSGSEND = YES;
				GCC_C_LANGUAGE_STANDARD = gnu11;
				GCC_NO_COMMON_BLOCKS = YES;
				GCC_WARN_64_TO_32_BIT_CONVERSION = YES;
				GCC_WARN_ABOUT_RETURN_TYPE = YES_ERROR;
				GCC_WARN_UNDECLARED_SELECTOR = YES;
				GCC_WARN_UNINITIALIZED_AUTOS = YES_AGGRESSIVE;
				GCC_WARN_UNUSED_FUNCTION = YES;
				GCC_WARN_UNUSED_VARIABLE = YES;
				IPHONEOS_DEPLOYMENT_TARGET = 11.2;
				MTL_ENABLE_DEBUG_INFO = NO;
				SDKROOT = iphoneos;
				SWIFT_OPTIMIZATION_LEVEL = "-Owholemodule";
				VALIDATE_PRODUCT = YES;
			};
			name = Release;
		};
		A197E285202A6BA5004B5BEC /* Debug */ = {
			isa = XCBuildConfiguration;
			baseConfigurationReference = 8C67FBD4E98810E0A3C3B40F /* Pods-TextStorage.debug.xcconfig */;
			buildSettings = {
				ASSETCATALOG_COMPILER_APPICON_NAME = AppIcon;
				CODE_SIGN_STYLE = Automatic;
				INFOPLIST_FILE = TextStorage/Info.plist;
				LD_RUNPATH_SEARCH_PATHS = "$(inherited) @executable_path/Frameworks";
				PRODUCT_BUNDLE_IDENTIFIER = PeerProgramming.TextStorage;
				PRODUCT_NAME = "$(TARGET_NAME)";
				SWIFT_VERSION = 4.0;
				TARGETED_DEVICE_FAMILY = "1,2";
			};
			name = Debug;
		};
		A197E286202A6BA5004B5BEC /* Release */ = {
			isa = XCBuildConfiguration;
			baseConfigurationReference = E2B18A87E04BE67F87CBE32E /* Pods-TextStorage.release.xcconfig */;
			buildSettings = {
				ASSETCATALOG_COMPILER_APPICON_NAME = AppIcon;
				CODE_SIGN_STYLE = Automatic;
				INFOPLIST_FILE = TextStorage/Info.plist;
				LD_RUNPATH_SEARCH_PATHS = "$(inherited) @executable_path/Frameworks";
				PRODUCT_BUNDLE_IDENTIFIER = PeerProgramming.TextStorage;
				PRODUCT_NAME = "$(TARGET_NAME)";
				SWIFT_VERSION = 4.0;
				TARGETED_DEVICE_FAMILY = "1,2";
			};
			name = Release;
		};
/* End XCBuildConfiguration section */

/* Begin XCConfigurationList section */
		A197E26D202A6BA4004B5BEC /* Build configuration list for PBXProject "TextStorage" */ = {
			isa = XCConfigurationList;
			buildConfigurations = (
				A197E282202A6BA5004B5BEC /* Debug */,
				A197E283202A6BA5004B5BEC /* Release */,
			);
			defaultConfigurationIsVisible = 0;
			defaultConfigurationName = Release;
		};
		A197E284202A6BA5004B5BEC /* Build configuration list for PBXNativeTarget "TextStorage" */ = {
			isa = XCConfigurationList;
			buildConfigurations = (
				A197E285202A6BA5004B5BEC /* Debug */,
				A197E286202A6BA5004B5BEC /* Release */,
			);
			defaultConfigurationIsVisible = 0;
			defaultConfigurationName = Release;
		};
/* End XCConfigurationList section */
	};
	rootObject = A197E26A202A6BA4004B5BEC /* Project object */;
}
